
Microsoft Visual Studio Solution File, Format Version 12.00
# Visual Studio 15
VisualStudioVersion = 15.0.27130.2027
MinimumVisualStudioVersion = 10.0.40219.1
Project("{FAE04EC0-301F-11D3-BF4B-00C04F79EFBC}") = "XamarinWeatherApp.Android", "XamarinWeatherApp\XamarinWeatherApp.Android\XamarinWeatherApp.Android.csproj", "{DF6E35E9-6146-4439-AC1F-AAB5878B5990}"
EndProject
Project("{FAE04EC0-301F-11D3-BF4B-00C04F79EFBC}") = "XamarinWeatherApp.iOS", "XamarinWeatherApp\XamarinWeatherApp.iOS\XamarinWeatherApp.iOS.csproj", "{D57E24F5-9531-4281-87E7-DC1AB44CD82E}"
EndProject
Project("{FAE04EC0-301F-11D3-BF4B-00C04F79EFBC}") = "XamarinWeatherApp.UWP", "XamarinWeatherApp\XamarinWeatherApp.UWP\XamarinWeatherApp.UWP.csproj", "{97D50F6B-D4E8-4A47-8186-3E0877E43571}"
EndProject
Project("{D954291E-2A0B-460D-934E-DC6B0785DB48}") = "XamarinWeatherApp", "XamarinWeatherApp\XamarinWeatherApp\XamarinWeatherApp.shproj", "{8CFAD9D0-F61E-4923-B2A3-2ED7CBFEAC6C}"
EndProject
Global
	GlobalSection(SharedMSBuildProjectFiles) = preSolution
		XamarinWeatherApp\XamarinWeatherApp\XamarinWeatherApp.projitems*{8cfad9d0-f61e-4923-b2a3-2ed7cbfeac6c}*SharedItemsImports = 13
		XamarinWeatherApp\XamarinWeatherApp\XamarinWeatherApp.projitems*{97d50f6b-d4e8-4a47-8186-3e0877e43571}*SharedItemsImports = 4
		XamarinWeatherApp\XamarinWeatherApp\XamarinWeatherApp.projitems*{d57e24f5-9531-4281-87e7-dc1ab44cd82e}*SharedItemsImports = 4
		XamarinWeatherApp\XamarinWeatherApp\XamarinWeatherApp.projitems*{df6e35e9-6146-4439-ac1f-aab5878b5990}*SharedItemsImports = 4
	EndGlobalSection
	GlobalSection(SolutionConfigurationPlatforms) = preSolution
		Ad-Hoc|Any CPU = Ad-Hoc|Any CPU
		Ad-Hoc|ARM = Ad-Hoc|ARM
		Ad-Hoc|iPhone = Ad-Hoc|iPhone
		Ad-Hoc|iPhoneSimulator = Ad-Hoc|iPhoneSimulator
		Ad-Hoc|x64 = Ad-Hoc|x64
		Ad-Hoc|x86 = Ad-Hoc|x86
		AppStore|Any CPU = AppStore|Any CPU
		AppStore|ARM = AppStore|ARM
		AppStore|iPhone = AppStore|iPhone
		AppStore|iPhoneSimulator = AppStore|iPhoneSimulator
		AppStore|x64 = AppStore|x64
		AppStore|x86 = AppStore|x86
		Debug|Any CPU = Debug|Any CPU
		Debug|ARM = Debug|ARM
		Debug|iPhone = Debug|iPhone
		Debug|iPhoneSimulator = Debug|iPhoneSimulator
		Debug|x64 = Debug|x64
		Debug|x86 = Debug|x86
		Release|Any CPU = Release|Any CPU
		Release|ARM = Release|ARM
		Release|iPhone = Release|iPhone
		Release|iPhoneSimulator = Release|iPhoneSimulator
		Release|x64 = Release|x64
		Release|x86 = Release|x86
	EndGlobalSection
	GlobalSection(ProjectConfigurationPlatforms) = postSolution
		{DF6E35E9-6146-4439-AC1F-AAB5878B5990}.Ad-Hoc|Any CPU.ActiveCfg = Release|Any CPU
		{DF6E35E9-6146-4439-AC1F-AAB5878B5990}.Ad-Hoc|Any CPU.Build.0 = Release|Any CPU
		{DF6E35E9-6146-4439-AC1F-AAB5878B5990}.Ad-Hoc|Any CPU.Deploy.0 = Release|Any CPU
		{DF6E35E9-6146-4439-AC1F-AAB5878B5990}.Ad-Hoc|ARM.ActiveCfg = Release|Any CPU
		{DF6E35E9-6146-4439-AC1F-AAB5878B5990}.Ad-Hoc|ARM.Build.0 = Release|Any CPU
		{DF6E35E9-6146-4439-AC1F-AAB5878B5990}.Ad-Hoc|ARM.Deploy.0 = Release|Any CPU
		{DF6E35E9-6146-4439-AC1F-AAB5878B5990}.Ad-Hoc|iPhone.ActiveCfg = Release|Any CPU
		{DF6E35E9-6146-4439-AC1F-AAB5878B5990}.Ad-Hoc|iPhone.Build.0 = Release|Any CPU
		{DF6E35E9-6146-4439-AC1F-AAB5878B5990}.Ad-Hoc|iPhone.Deploy.0 = Release|Any CPU
		{DF6E35E9-6146-4439-AC1F-AAB5878B5990}.Ad-Hoc|iPhoneSimulator.ActiveCfg = Release|Any CPU
		{DF6E35E9-6146-4439-AC1F-AAB5878B5990}.Ad-Hoc|iPhoneSimulator.Build.0 = Release|Any CPU
		{DF6E35E9-6146-4439-AC1F-AAB5878B5990}.Ad-Hoc|iPhoneSimulator.Deploy.0 = Release|Any CPU
		{DF6E35E9-6146-4439-AC1F-AAB5878B5990}.Ad-Hoc|x64.ActiveCfg = Release|Any CPU
		{DF6E35E9-6146-4439-AC1F-AAB5878B5990}.Ad-Hoc|x64.Build.0 = Release|Any CPU
		{DF6E35E9-6146-4439-AC1F-AAB5878B5990}.Ad-Hoc|x64.Deploy.0 = Release|Any CPU
		{DF6E35E9-6146-4439-AC1F-AAB5878B5990}.Ad-Hoc|x86.ActiveCfg = Release|Any CPU
		{DF6E35E9-6146-4439-AC1F-AAB5878B5990}.Ad-Hoc|x86.Build.0 = Release|Any CPU
		{DF6E35E9-6146-4439-AC1F-AAB5878B5990}.Ad-Hoc|x86.Deploy.0 = Release|Any CPU
		{DF6E35E9-6146-4439-AC1F-AAB5878B5990}.AppStore|Any CPU.ActiveCfg = Release|Any CPU
		{DF6E35E9-6146-4439-AC1F-AAB5878B5990}.AppStore|Any CPU.Build.0 = Release|Any CPU
		{DF6E35E9-6146-4439-AC1F-AAB5878B5990}.AppStore|Any CPU.Deploy.0 = Release|Any CPU
		{DF6E35E9-6146-4439-AC1F-AAB5878B5990}.AppStore|ARM.ActiveCfg = Release|Any CPU
		{DF6E35E9-6146-4439-AC1F-AAB5878B5990}.AppStore|ARM.Build.0 = Release|Any CPU
		{DF6E35E9-6146-4439-AC1F-AAB5878B5990}.AppStore|ARM.Deploy.0 = Release|Any CPU
		{DF6E35E9-6146-4439-AC1F-AAB5878B5990}.AppStore|iPhone.ActiveCfg = Release|Any CPU
		{DF6E35E9-6146-4439-AC1F-AAB5878B5990}.AppStore|iPhone.Build.0 = Release|Any CPU
		{DF6E35E9-6146-4439-AC1F-AAB5878B5990}.AppStore|iPhone.Deploy.0 = Release|Any CPU
		{DF6E35E9-6146-4439-AC1F-AAB5878B5990}.AppStore|iPhoneSimulator.ActiveCfg = Release|Any CPU
		{DF6E35E9-6146-4439-AC1F-AAB5878B5990}.AppStore|iPhoneSimulator.Build.0 = Release|Any CPU
		{DF6E35E9-6146-4439-AC1F-AAB5878B5990}.AppStore|iPhoneSimulator.Deploy.0 = Release|Any CPU
		{DF6E35E9-6146-4439-AC1F-AAB5878B5990}.AppStore|x64.ActiveCfg = Release|Any CPU
		{DF6E35E9-6146-4439-AC1F-AAB5878B5990}.AppStore|x64.Build.0 = Release|Any CPU
		{DF6E35E9-6146-4439-AC1F-AAB5878B5990}.AppStore|x64.Deploy.0 = Release|Any CPU
		{DF6E35E9-6146-4439-AC1F-AAB5878B5990}.AppStore|x86.ActiveCfg = Release|Any CPU
		{DF6E35E9-6146-4439-AC1F-AAB5878B5990}.AppStore|x86.Build.0 = Release|Any CPU
		{DF6E35E9-6146-4439-AC1F-AAB5878B5990}.AppStore|x86.Deploy.0 = Release|Any CPU
		{DF6E35E9-6146-4439-AC1F-AAB5878B5990}.Debug|Any CPU.ActiveCfg = Debug|Any CPU
		{DF6E35E9-6146-4439-AC1F-AAB5878B5990}.Debug|Any CPU.Build.0 = Debug|Any CPU
		{DF6E35E9-6146-4439-AC1F-AAB5878B5990}.Debug|Any CPU.Deploy.0 = Debug|Any CPU
		{DF6E35E9-6146-4439-AC1F-AAB5878B5990}.Debug|ARM.ActiveCfg = Debug|Any CPU
		{DF6E35E9-6146-4439-AC1F-AAB5878B5990}.Debug|ARM.Build.0 = Debug|Any CPU
		{DF6E35E9-6146-4439-AC1F-AAB5878B5990}.Debug|ARM.Deploy.0 = Debug|Any CPU
		{DF6E35E9-6146-4439-AC1F-AAB5878B5990}.Debug|iPhone.ActiveCfg = Debug|Any CPU
		{DF6E35E9-6146-4439-AC1F-AAB5878B5990}.Debug|iPhone.Build.0 = Debug|Any CPU
		{DF6E35E9-6146-4439-AC1F-AAB5878B5990}.Debug|iPhone.Deploy.0 = Debug|Any CPU
		{DF6E35E9-6146-4439-AC1F-AAB5878B5990}.Debug|iPhoneSimulator.ActiveCfg = Debug|Any CPU
		{DF6E35E9-6146-4439-AC1F-AAB5878B5990}.Debug|iPhoneSimulator.Build.0 = Debug|Any CPU
		{DF6E35E9-6146-4439-AC1F-AAB5878B5990}.Debug|iPhoneSimulator.Deploy.0 = Debug|Any CPU
		{DF6E35E9-6146-4439-AC1F-AAB5878B5990}.Debug|x64.ActiveCfg = Debug|Any CPU
		{DF6E35E9-6146-4439-AC1F-AAB5878B5990}.Debug|x64.Build.0 = Debug|Any CPU
		{DF6E35E9-6146-4439-AC1F-AAB5878B5990}.Debug|x64.Deploy.0 = Debug|Any CPU
		{DF6E35E9-6146-4439-AC1F-AAB5878B5990}.Debug|x86.ActiveCfg = Debug|Any CPU
		{DF6E35E9-6146-4439-AC1F-AAB5878B5990}.Debug|x86.Build.0 = Debug|Any CPU
		{DF6E35E9-6146-4439-AC1F-AAB5878B5990}.Debug|x86.Deploy.0 = Debug|Any CPU
		{DF6E35E9-6146-4439-AC1F-AAB5878B5990}.Release|Any CPU.ActiveCfg = Release|Any CPU
		{DF6E35E9-6146-4439-AC1F-AAB5878B5990}.Release|Any CPU.Build.0 = Release|Any CPU
		{DF6E35E9-6146-4439-AC1F-AAB5878B5990}.Release|Any CPU.Deploy.0 = Release|Any CPU
		{DF6E35E9-6146-4439-AC1F-AAB5878B5990}.Release|ARM.ActiveCfg = Release|Any CPU
		{DF6E35E9-6146-4439-AC1F-AAB5878B5990}.Release|ARM.Build.0 = Release|Any CPU
		{DF6E35E9-6146-4439-AC1F-AAB5878B5990}.Release|ARM.Deploy.0 = Release|Any CPU
		{DF6E35E9-6146-4439-AC1F-AAB5878B5990}.Release|iPhone.ActiveCfg = Release|Any CPU
		{DF6E35E9-6146-4439-AC1F-AAB5878B5990}.Release|iPhone.Build.0 = Release|Any CPU
		{DF6E35E9-6146-4439-AC1F-AAB5878B5990}.Release|iPhone.Deploy.0 = Release|Any CPU
		{DF6E35E9-6146-4439-AC1F-AAB5878B5990}.Release|iPhoneSimulator.ActiveCfg = Release|Any CPU
		{DF6E35E9-6146-4439-AC1F-AAB5878B5990}.Release|iPhoneSimulator.Build.0 = Release|Any CPU
		{DF6E35E9-6146-4439-AC1F-AAB5878B5990}.Release|iPhoneSimulator.Deploy.0 = Release|Any CPU
		{DF6E35E9-6146-4439-AC1F-AAB5878B5990}.Release|x64.ActiveCfg = Release|Any CPU
		{DF6E35E9-6146-4439-AC1F-AAB5878B5990}.Release|x64.Build.0 = Release|Any CPU
		{DF6E35E9-6146-4439-AC1F-AAB5878B5990}.Release|x64.Deploy.0 = Release|Any CPU
		{DF6E35E9-6146-4439-AC1F-AAB5878B5990}.Release|x86.ActiveCfg = Release|Any CPU
		{DF6E35E9-6146-4439-AC1F-AAB5878B5990}.Release|x86.Build.0 = Release|Any CPU
		{DF6E35E9-6146-4439-AC1F-AAB5878B5990}.Release|x86.Deploy.0 = Release|Any CPU
		{D57E24F5-9531-4281-87E7-DC1AB44CD82E}.Ad-Hoc|Any CPU.ActiveCfg = Ad-Hoc|iPhone
		{D57E24F5-9531-4281-87E7-DC1AB44CD82E}.Ad-Hoc|ARM.ActiveCfg = Ad-Hoc|iPhone
		{D57E24F5-9531-4281-87E7-DC1AB44CD82E}.Ad-Hoc|iPhone.ActiveCfg = Ad-Hoc|iPhone
		{D57E24F5-9531-4281-87E7-DC1AB44CD82E}.Ad-Hoc|iPhone.Build.0 = Ad-Hoc|iPhone
		{D57E24F5-9531-4281-87E7-DC1AB44CD82E}.Ad-Hoc|iPhoneSimulator.ActiveCfg = Ad-Hoc|iPhoneSimulator
		{D57E24F5-9531-4281-87E7-DC1AB44CD82E}.Ad-Hoc|iPhoneSimulator.Build.0 = Ad-Hoc|iPhoneSimulator
		{D57E24F5-9531-4281-87E7-DC1AB44CD82E}.Ad-Hoc|x64.ActiveCfg = Ad-Hoc|iPhone
		{D57E24F5-9531-4281-87E7-DC1AB44CD82E}.Ad-Hoc|x86.ActiveCfg = Ad-Hoc|iPhone
		{D57E24F5-9531-4281-87E7-DC1AB44CD82E}.AppStore|Any CPU.ActiveCfg = AppStore|iPhone
		{D57E24F5-9531-4281-87E7-DC1AB44CD82E}.AppStore|ARM.ActiveCfg = AppStore|iPhone
		{D57E24F5-9531-4281-87E7-DC1AB44CD82E}.AppStore|iPhone.ActiveCfg = AppStore|iPhone
		{D57E24F5-9531-4281-87E7-DC1AB44CD82E}.AppStore|iPhone.Build.0 = AppStore|iPhone
		{D57E24F5-9531-4281-87E7-DC1AB44CD82E}.AppStore|iPhoneSimulator.ActiveCfg = AppStore|iPhoneSimulator
		{D57E24F5-9531-4281-87E7-DC1AB44CD82E}.AppStore|iPhoneSimulator.Build.0 = AppStore|iPhoneSimulator
		{D57E24F5-9531-4281-87E7-DC1AB44CD82E}.AppStore|x64.ActiveCfg = AppStore|iPhone
		{D57E24F5-9531-4281-87E7-DC1AB44CD82E}.AppStore|x86.ActiveCfg = AppStore|iPhone
		{D57E24F5-9531-4281-87E7-DC1AB44CD82E}.Debug|Any CPU.ActiveCfg = Debug|iPhone
		{D57E24F5-9531-4281-87E7-DC1AB44CD82E}.Debug|ARM.ActiveCfg = Debug|iPhone
		{D57E24F5-9531-4281-87E7-DC1AB44CD82E}.Debug|iPhone.ActiveCfg = Debug|iPhone
		{D57E24F5-9531-4281-87E7-DC1AB44CD82E}.Debug|iPhone.Build.0 = Debug|iPhone
		{D57E24F5-9531-4281-87E7-DC1AB44CD82E}.Debug|iPhoneSimulator.ActiveCfg = Debug|iPhoneSimulator
		{D57E24F5-9531-4281-87E7-DC1AB44CD82E}.Debug|iPhoneSimulator.Build.0 = Debug|iPhoneSimulator
		{D57E24F5-9531-4281-87E7-DC1AB44CD82E}.Debug|x64.ActiveCfg = Debug|iPhone
		{D57E24F5-9531-4281-87E7-DC1AB44CD82E}.Debug|x86.ActiveCfg = Debug|iPhone
		{D57E24F5-9531-4281-87E7-DC1AB44CD82E}.Release|Any CPU.ActiveCfg = Release|iPhone
		{D57E24F5-9531-4281-87E7-DC1AB44CD82E}.Release|ARM.ActiveCfg = Release|iPhone
		{D57E24F5-9531-4281-87E7-DC1AB44CD82E}.Release|iPhone.ActiveCfg = Release|iPhone
		{D57E24F5-9531-4281-87E7-DC1AB44CD82E}.Release|iPhone.Build.0 = Release|iPhone
		{D57E24F5-9531-4281-87E7-DC1AB44CD82E}.Release|iPhoneSimulator.ActiveCfg = Release|iPhoneSimulator
		{D57E24F5-9531-4281-87E7-DC1AB44CD82E}.Release|iPhoneSimulator.Build.0 = Release|iPhoneSimulator
		{D57E24F5-9531-4281-87E7-DC1AB44CD82E}.Release|x64.ActiveCfg = Release|iPhone
		{D57E24F5-9531-4281-87E7-DC1AB44CD82E}.Release|x86.ActiveCfg = Release|iPhone
		{97D50F6B-D4E8-4A47-8186-3E0877E43571}.Ad-Hoc|Any CPU.ActiveCfg = Release|x86
		{97D50F6B-D4E8-4A47-8186-3E0877E43571}.Ad-Hoc|Any CPU.Build.0 = Release|x86
		{97D50F6B-D4E8-4A47-8186-3E0877E43571}.Ad-Hoc|Any CPU.Deploy.0 = Release|x86
		{97D50F6B-D4E8-4A47-8186-3E0877E43571}.Ad-Hoc|ARM.ActiveCfg = Release|ARM
		{97D50F6B-D4E8-4A47-8186-3E0877E43571}.Ad-Hoc|ARM.Build.0 = Release|ARM
		{97D50F6B-D4E8-4A47-8186-3E0877E43571}.Ad-Hoc|ARM.Deploy.0 = Release|ARM
		{97D50F6B-D4E8-4A47-8186-3E0877E43571}.Ad-Hoc|iPhone.ActiveCfg = Release|x86
		{97D50F6B-D4E8-4A47-8186-3E0877E43571}.Ad-Hoc|iPhone.Build.0 = Release|x86
		{97D50F6B-D4E8-4A47-8186-3E0877E43571}.Ad-Hoc|iPhone.Deploy.0 = Release|x86
		{97D50F6B-D4E8-4A47-8186-3E0877E43571}.Ad-Hoc|iPhoneSimulator.ActiveCfg = Release|x86
		{97D50F6B-D4E8-4A47-8186-3E0877E43571}.Ad-Hoc|iPhoneSimulator.Build.0 = Release|x86
		{97D50F6B-D4E8-4A47-8186-3E0877E43571}.Ad-Hoc|iPhoneSimulator.Deploy.0 = Release|x86
		{97D50F6B-D4E8-4A47-8186-3E0877E43571}.Ad-Hoc|x64.ActiveCfg = Release|x64
		{97D50F6B-D4E8-4A47-8186-3E0877E43571}.Ad-Hoc|x64.Build.0 = Release|x64
		{97D50F6B-D4E8-4A47-8186-3E0877E43571}.Ad-Hoc|x64.Deploy.0 = Release|x64
		{97D50F6B-D4E8-4A47-8186-3E0877E43571}.Ad-Hoc|x86.ActiveCfg = Release|x86
		{97D50F6B-D4E8-4A47-8186-3E0877E43571}.Ad-Hoc|x86.Build.0 = Release|x86
		{97D50F6B-D4E8-4A47-8186-3E0877E43571}.Ad-Hoc|x86.Deploy.0 = Release|x86
		{97D50F6B-D4E8-4A47-8186-3E0877E43571}.AppStore|Any CPU.ActiveCfg = Release|x86
		{97D50F6B-D4E8-4A47-8186-3E0877E43571}.AppStore|Any CPU.Build.0 = Release|x86
		{97D50F6B-D4E8-4A47-8186-3E0877E43571}.AppStore|Any CPU.Deploy.0 = Release|x86
		{97D50F6B-D4E8-4A47-8186-3E0877E43571}.AppStore|ARM.ActiveCfg = Release|ARM
		{97D50F6B-D4E8-4A47-8186-3E0877E43571}.AppStore|ARM.Build.0 = Release|ARM
		{97D50F6B-D4E8-4A47-8186-3E0877E43571}.AppStore|ARM.Deploy.0 = Release|ARM
		{97D50F6B-D4E8-4A47-8186-3E0877E43571}.AppStore|iPhone.ActiveCfg = Release|x86
		{97D50F6B-D4E8-4A47-8186-3E0877E43571}.AppStore|iPhone.Build.0 = Release|x86
		{97D50F6B-D4E8-4A47-8186-3E0877E43571}.AppStore|iPhone.Deploy.0 = Release|x86
		{97D50F6B-D4E8-4A47-8186-3E0877E43571}.AppStore|iPhoneSimulator.ActiveCfg = Release|x86
		{97D50F6B-D4E8-4A47-8186-3E0877E43571}.AppStore|iPhoneSimulator.Build.0 = Release|x86
		{97D50F6B-D4E8-4A47-8186-3E0877E43571}.AppStore|iPhoneSimulator.Deploy.0 = Release|x86
		{97D50F6B-D4E8-4A47-8186-3E0877E43571}.AppStore|x64.ActiveCfg = Release|x64
		{97D50F6B-D4E8-4A47-8186-3E0877E43571}.AppStore|x64.Build.0 = Release|x64
		{97D50F6B-D4E8-4A47-8186-3E0877E43571}.AppStore|x64.Deploy.0 = Release|x64
		{97D50F6B-D4E8-4A47-8186-3E0877E43571}.AppStore|x86.ActiveCfg = Release|x86
		{97D50F6B-D4E8-4A47-8186-3E0877E43571}.AppStore|x86.Build.0 = Release|x86
		{97D50F6B-D4E8-4A47-8186-3E0877E43571}.AppStore|x86.Deploy.0 = Release|x86
		{97D50F6B-D4E8-4A47-8186-3E0877E43571}.Debug|Any CPU.ActiveCfg = Debug|x86
		{97D50F6B-D4E8-4A47-8186-3E0877E43571}.Debug|ARM.ActiveCfg = Debug|ARM
		{97D50F6B-D4E8-4A47-8186-3E0877E43571}.Debug|ARM.Build.0 = Debug|ARM
		{97D50F6B-D4E8-4A47-8186-3E0877E43571}.Debug|ARM.Deploy.0 = Debug|ARM
		{97D50F6B-D4E8-4A47-8186-3E0877E43571}.Debug|iPhone.ActiveCfg = Debug|x86
		{97D50F6B-D4E8-4A47-8186-3E0877E43571}.Debug|iPhoneSimulator.ActiveCfg = Debug|x86
		{97D50F6B-D4E8-4A47-8186-3E0877E43571}.Debug|x64.ActiveCfg = Debug|x64
		{97D50F6B-D4E8-4A47-8186-3E0877E43571}.Debug|x64.Build.0 = Debug|x64
		{97D50F6B-D4E8-4A47-8186-3E0877E43571}.Debug|x64.Deploy.0 = Debug|x64
		{97D50F6B-D4E8-4A47-8186-3E0877E43571}.Debug|x86.ActiveCfg = Debug|x86
		{97D50F6B-D4E8-4A47-8186-3E0877E43571}.Debug|x86.Build.0 = Debug|x86
		{97D50F6B-D4E8-4A47-8186-3E0877E43571}.Debug|x86.Deploy.0 = Debug|x86
		{97D50F6B-D4E8-4A47-8186-3E0877E43571}.Release|Any CPU.ActiveCfg = Release|x86
		{97D50F6B-D4E8-4A47-8186-3E0877E43571}.Release|ARM.ActiveCfg = Release|ARM
		{97D50F6B-D4E8-4A47-8186-3E0877E43571}.Release|ARM.Build.0 = Release|ARM
		{97D50F6B-D4E8-4A47-8186-3E0877E43571}.Release|ARM.Deploy.0 = Release|ARM
		{97D50F6B-D4E8-4A47-8186-3E0877E43571}.Release|iPhone.ActiveCfg = Release|x86
		{97D50F6B-D4E8-4A47-8186-3E0877E43571}.Release|iPhoneSimulator.ActiveCfg = Release|x86
		{97D50F6B-D4E8-4A47-8186-3E0877E43571}.Release|x64.ActiveCfg = Release|x64
		{97D50F6B-D4E8-4A47-8186-3E0877E43571}.Release|x64.Build.0 = Release|x64
		{97D50F6B-D4E8-4A47-8186-3E0877E43571}.Release|x64.Deploy.0 = Release|x64
		{97D50F6B-D4E8-4A47-8186-3E0877E43571}.Release|x86.ActiveCfg = Release|x86
		{97D50F6B-D4E8-4A47-8186-3E0877E43571}.Release|x86.Build.0 = Release|x86
		{97D50F6B-D4E8-4A47-8186-3E0877E43571}.Release|x86.Deploy.0 = Release|x86
	EndGlobalSection
	GlobalSection(SolutionProperties) = preSolution
		HideSolutionNode = FALSE
	EndGlobalSection
	GlobalSection(ExtensibilityGlobals) = postSolution
		SolutionGuid = {2B927780-4DF0-4A8C-829E-D2D6B8D6E4A9}
	EndGlobalSection
EndGlobal
